
Microsoft Visual Studio Solution File, Format Version 12.00
# Visual Studio Version 17
VisualStudioVersion = 17.6.33815.320
MinimumVisualStudioVersion = 10.0.40219.1
Project("{FAE04EC0-301F-11D3-BF4B-00C04F79EFBC}") = "studentProperty", "studentProperty\studentProperty.csproj", "{F69D032C-426E-4B27-9697-EF0E4F2AD72C}"
EndProject
Global
	GlobalSection(SolutionConfigurationPlatforms) = preSolution
		Debug|Any CPU = Debug|Any CPU
		Release|Any CPU = Release|Any CPU
	EndGlobalSection
	GlobalSection(ProjectConfigurationPlatforms) = postSolution
		{F69D032C-426E-4B27-9697-EF0E4F2AD72C}.Debug|Any CPU.ActiveCfg = Debug|Any CPU
		{F69D032C-426E-4B27-9697-EF0E4F2AD72C}.Debug|Any CPU.Build.0 = Debug|Any CPU
		{F69D032C-426E-4B27-9697-EF0E4F2AD72C}.Release|Any CPU.ActiveCfg = Release|Any CPU
		{F69D032C-426E-4B27-9697-EF0E4F2AD72C}.Release|Any CPU.Build.0 = Release|Any CPU
	EndGlobalSection
	GlobalSection(SolutionProperties) = preSolution
		HideSolutionNode = FALSE
	EndGlobalSection
	GlobalSection(ExtensibilityGlobals) = postSolution
		SolutionGuid = {74D099B2-AE16-4EC2-A418-8E9D16453AF3}
	EndGlobalSection
EndGlobal
